PODS:
  - BFPaperButton (2.0.29):
    - UIColor+BFPaperColors
  - NBMaterialDialogIOS (1.0.0):
    - BFPaperButton (~> 2.0.18)
  - SnapKit (3.0.2)
  - UIColor+BFPaperColors (1.7.6)

DEPENDENCIES:
  - NBMaterialDialogIOS (from `https://github.com/ifels/NBMaterialDialogIOS.git`)
  - SnapKit (~> 3.0.2)

EXTERNAL SOURCES:
  NBMaterialDialogIOS:
    :git: https://github.com/ifels/NBMaterialDialogIOS.git

CHECKOUT OPTIONS:
  NBMaterialDialogIOS:
    :commit: 41eae8b06884acc66791b4e4720ed4ba7fb1d787
    :git: https://github.com/ifels/NBMaterialDialogIOS.git

SPEC CHECKSUMS:
  BFPaperButton: 7df738f2e749a9a4edd3e043f0621ee02215e417
  NBMaterialDialogIOS: 00c3c5c75e35d9a6af83ecd8c11c510b1631889e
  SnapKit: 2e456761aa92d4d4067a7a5594c18769d451a8ad
  UIColor+BFPaperColors: 37e7b48fa86b29ff2e97a11208ab9cb5ab0b883d

PODFILE CHECKSUM: 0c2cf8d760bd4c43ba25af53a6c3e2a4208b0e44

COCOAPODS: 1.1.1
