PODS:
  - Kingfisher (3.2.0)
  - SnapKit (3.0.2)

DEPENDENCIES:
  - Kingfisher (~> 3.0)
  - SnapKit (~> 3.0.2)

SPEC CHECKSUMS:
  Kingfisher: 50407d1d5dbc34965009d425a286342ff36a84ea
  SnapKit: 2e456761aa92d4d4067a7a5594c18769d451a8ad

PODFILE CHECKSUM: b6fbec1df9196310cf77aa805ab06a8015ab43a5

COCOAPODS: 1.1.1
