// !$*UTF8*$!
{
	archiveVersion = 1;
	classes = {
	};
	objectVersion = 46;
	objects = {

/* Begin PBXBuildFile section */
		83891ABB8DE6A2DBB1313B7E /* Pods_WebviewDemo.framework in Frameworks */ = {isa = PBXBuildFile; fileRef = A198E96646EA0311827D69F2 /* Pods_WebviewDemo.framework */; };
		940C7BEA1DED23B900D0AB2D /* AppDelegate.swift in Sources */ = {isa = PBXBuildFile; fileRef = 940C7BE91DED23B900D0AB2D /* AppDelegate.swift */; };
		940C7BEC1DED23B900D0AB2D /* ViewController.swift in Sources */ = {isa = PBXBuildFile; fileRef = 940C7BEB1DED23B900D0AB2D /* ViewController.swift */; };
		940C7BEF1DED23B900D0AB2D /* Main.storyboard in Resources */ = {isa = PBXBuildFile; fileRef = 940C7BED1DED23B900D0AB2D /* Main.storyboard */; };
		940C7BF11DED23B900D0AB2D /* Assets.xcassets in Resources */ = {isa = PBXBuildFile; fileRef = 940C7BF01DED23B900D0AB2D /* Assets.xcassets */; };
		940C7BF41DED23B900D0AB2D /* LaunchScreen.storyboard in Resources */ = {isa = PBXBuildFile; fileRef = 940C7BF21DED23B900D0AB2D /* LaunchScreen.storyboard */; };
		940C7C061DED38A600D0AB2D /* hualipu_about.png in Resources */ = {isa = PBXBuildFile; fileRef = 940C7C041DED38A600D0AB2D /* hualipu_about.png */; };
		940C7C071DED38A600D0AB2D /* hualipu_instruction.png in Resources */ = {isa = PBXBuildFile; fileRef = 940C7C051DED38A600D0AB2D /* hualipu_instruction.png */; };
/* End PBXBuildFile section */

/* Begin PBXFileReference section */
		3B5C78AC420F284EFE3FBD07 /* Pods-WebviewDemo.release.xcconfig */ = {isa = PBXFileReference; includeInIndex = 1; lastKnownFileType = text.xcconfig; name = "Pods-WebviewDemo.release.xcconfig"; path = "Pods/Target Support Files/Pods-WebviewDemo/Pods-WebviewDemo.release.xcconfig"; sourceTree = "<group>"; };
		72B6359F545734B0CB51AA4E /* Pods-WebviewDemo.debug.xcconfig */ = {isa = PBXFileReference; includeInIndex = 1; lastKnownFileType = text.xcconfig; name = "Pods-WebviewDemo.debug.xcconfig"; path = "Pods/Target Support Files/Pods-WebviewDemo/Pods-WebviewDemo.debug.xcconfig"; sourceTree = "<group>"; };
		940C7BE61DED23B900D0AB2D /* WebviewDemo.app */ = {isa = PBXFileReference; explicitFileType = wrapper.application; includeInIndex = 0; path = WebviewDemo.app; sourceTree = BUILT_PRODUCTS_DIR; };
		940C7BE91DED23B900D0AB2D /* AppDelegate.swift */ = {isa = PBXFileReference; lastKnownFileType = sourcecode.swift; path = AppDelegate.swift; sourceTree = "<group>"; };
		940C7BEB1DED23B900D0AB2D /* ViewController.swift */ = {isa = PBXFileReference; lastKnownFileType = sourcecode.swift; path = ViewController.swift; sourceTree = "<group>"; };
		940C7BEE1DED23B900D0AB2D /* Base */ = {isa = PBXFileReference; lastKnownFileType = file.storyboard; name = Base; path = Base.lproj/Main.storyboard; sourceTree = "<group>"; };
		940C7BF01DED23B900D0AB2D /* Assets.xcassets */ = {isa = PBXFileReference; lastKnownFileType = folder.assetcatalog; path = Assets.xcassets; sourceTree = "<group>"; };
		940C7BF31DED23B900D0AB2D /* Base */ = {isa = PBXFileReference; lastKnownFileType = file.storyboard; name = Base; path = Base.lproj/LaunchScreen.storyboard; sourceTree = "<group>"; };
		940C7BF51DED23B900D0AB2D /* Info.plist */ = {isa = PBXFileReference; lastKnownFileType = text.plist.xml; path = Info.plist; sourceTree = "<group>"; };
		940C7C041DED38A600D0AB2D /* hualipu_about.png */ = {isa = PBXFileReference; lastKnownFileType = image.png; name = hualipu_about.png; path = resources/hualipu_about.png; sourceTree = "<group>"; };
		940C7C051DED38A600D0AB2D /* hualipu_instruction.png */ = {isa = PBXFileReference; lastKnownFileType = image.png; name = hualipu_instruction.png; path = resources/hualipu_instruction.png; sourceTree = "<group>"; };
		A198E96646EA0311827D69F2 /* Pods_WebviewDemo.framework */ = {isa = PBXFileReference; explicitFileType = wrapper.framework; includeInIndex = 0; path = Pods_WebviewDemo.framework; sourceTree = BUILT_PRODUCTS_DIR; };
/* End PBXFileReference section */

/* Begin PBXFrameworksBuildPhase section */
		940C7BE31DED23B900D0AB2D /* Frameworks */ = {
			isa = PBXFrameworksBuildPhase;
			buildActionMask = 2147483647;
			files = (
				83891ABB8DE6A2DBB1313B7E /* Pods_WebviewDemo.framework in Frameworks */,
			);
			runOnlyForDeploymentPostprocessing = 0;
		};
/* End PBXFrameworksBuildPhase section */

/* Begin PBXGroup section */
		01AAF110F88CE21620F553B6 /* Pods */ = {
			isa = PBXGroup;
			children = (
				72B6359F545734B0CB51AA4E /* Pods-WebviewDemo.debug.xcconfig */,
				3B5C78AC420F284EFE3FBD07 /* Pods-WebviewDemo.release.xcconfig */,
			);
			name = Pods;
			sourceTree = "<group>";
		};
		940C7BDD1DED23B900D0AB2D = {
			isa = PBXGroup;
			children = (
				940C7BE81DED23B900D0AB2D /* WebviewDemo */,
				940C7BE71DED23B900D0AB2D /* Products */,
				01AAF110F88CE21620F553B6 /* Pods */,
				CEB53F2B4D66DC07CA1F1965 /* Frameworks */,
			);
			sourceTree = "<group>";
		};
		940C7BE71DED23B900D0AB2D /* Products */ = {
			isa = PBXGroup;
			children = (
				940C7BE61DED23B900D0AB2D /* WebviewDemo.app */,
			);
			name = Products;
			sourceTree = "<group>";
		};
		940C7BE81DED23B900D0AB2D /* WebviewDemo */ = {
			isa = PBXGroup;
			children = (
				940C7BFF1DED36FC00D0AB2D /* resources */,
				940C7BE91DED23B900D0AB2D /* AppDelegate.swift */,
				940C7BEB1DED23B900D0AB2D /* ViewController.swift */,
				940C7BED1DED23B900D0AB2D /* Main.storyboard */,
				940C7BF01DED23B900D0AB2D /* Assets.xcassets */,
				940C7BF21DED23B900D0AB2D /* LaunchScreen.storyboard */,
				940C7BF51DED23B900D0AB2D /* Info.plist */,
			);
			path = WebviewDemo;
			sourceTree = "<group>";
		};
		940C7BFF1DED36FC00D0AB2D /* resources */ = {
			isa = PBXGroup;
			children = (
				940C7C041DED38A600D0AB2D /* hualipu_about.png */,
				940C7C051DED38A600D0AB2D /* hualipu_instruction.png */,
			);
			name = resources;
			sourceTree = "<group>";
		};
		CEB53F2B4D66DC07CA1F1965 /* Frameworks */ = {
			isa = PBXGroup;
			children = (
				A198E96646EA0311827D69F2 /* Pods_WebviewDemo.framework */,
			);
			name = Frameworks;
			sourceTree = "<group>";
		};
/* End PBXGroup section */

/* Begin PBXNativeTarget section */
		940C7BE51DED23B900D0AB2D /* WebviewDemo */ = {
			isa = PBXNativeTarget;
			buildConfigurationList = 940C7BF81DED23B900D0AB2D /* Build configuration list for PBXNativeTarget "WebviewDemo" */;
			buildPhases = (
				2D90C99668A5410F74B369F2 /* [CP] Check Pods Manifest.lock */,
				940C7BE21DED23B900D0AB2D /* Sources */,
				940C7BE31DED23B900D0AB2D /* Frameworks */,
				940C7BE41DED23B900D0AB2D /* Resources */,
				CCE16445268FF3BB4981732B /* [CP] Embed Pods Frameworks */,
				AE229DF06BD50EB70799E6F1 /* [CP] Copy Pods Resources */,
			);
			buildRules = (
			);
			dependencies = (
			);
			name = WebviewDemo;
			productName = WebviewDemo;
			productReference = 940C7BE61DED23B900D0AB2D /* WebviewDemo.app */;
			productType = "com.apple.product-type.application";
		};
/* End PBXNativeTarget section */

/* Begin PBXProject section */
		940C7BDE1DED23B900D0AB2D /* Project object */ = {
			isa = PBXProject;
			attributes = {
				LastSwiftUpdateCheck = 0810;
				LastUpgradeCheck = 0810;
				ORGANIZATIONNAME = ifels;
				TargetAttributes = {
					940C7BE51DED23B900D0AB2D = {
						CreatedOnToolsVersion = 8.1;
						ProvisioningStyle = Automatic;
					};
				};
			};
			buildConfigurationList = 940C7BE11DED23B900D0AB2D /* Build configuration list for PBXProject "WebviewDemo" */;
			compatibilityVersion = "Xcode 3.2";
			developmentRegion = English;
			hasScannedForEncodings = 0;
			knownRegions = (
				en,
				Base,
			);
			mainGroup = 940C7BDD1DED23B900D0AB2D;
			productRefGroup = 940C7BE71DED23B900D0AB2D /* Products */;
			projectDirPath = "";
			projectRoot = "";
			targets = (
				940C7BE51DED23B900D0AB2D /* WebviewDemo */,
			);
		};
/* End PBXProject section */

/* Begin PBXResourcesBuildPhase section */
		940C7BE41DED23B900D0AB2D /* Resources */ = {
			isa = PBXResourcesBuildPhase;
			buildActionMask = 2147483647;
			files = (
				940C7BF41DED23B900D0AB2D /* LaunchScreen.storyboard in Resources */,
				940C7BF11DED23B900D0AB2D /* Assets.xcassets in Resources */,
				940C7C071DED38A600D0AB2D /* hualipu_instruction.png in Resources */,
				940C7C061DED38A600D0AB2D /* hualipu_about.png in Resources */,
				940C7BEF1DED23B900D0AB2D /* Main.storyboard in Resources */,
			);
			runOnlyForDeploymentPostprocessing = 0;
		};
/* End PBXResourcesBuildPhase section */

/* Begin PBXShellScriptBuildPhase section */
		2D90C99668A5410F74B369F2 /* [CP] Check Pods Manifest.lock */ = {
			isa = PBXShellScriptBuildPhase;
			buildActionMask = 2147483647;
			files = (
			);
			inputPaths = (
			);
			name = "[CP] Check Pods Manifest.lock";
			outputPaths = (
			);
			runOnlyForDeploymentPostprocessing = 0;
			shellPath = /bin/sh;
			shellScript = "diff \"${PODS_ROOT}/../Podfile.lock\" \"${PODS_ROOT}/Manifest.lock\" > /dev/null\nif [ $? != 0 ] ; then\n    # print error to STDERR\n    echo \"error: The sandbox is not in sync with the Podfile.lock. Run 'pod install' or update your CocoaPods installation.\" >&2\n    exit 1\nfi\n";
			showEnvVarsInLog = 0;
		};
		AE229DF06BD50EB70799E6F1 /* [CP] Copy Pods Resources */ = {
			isa = PBXShellScriptBuildPhase;
			buildActionMask = 2147483647;
			files = (
			);
			inputPaths = (
			);
			name = "[CP] Copy Pods Resources";
			outputPaths = (
			);
			runOnlyForDeploymentPostprocessing = 0;
			shellPath = /bin/sh;
			shellScript = "\"${SRCROOT}/Pods/Target Support Files/Pods-WebviewDemo/Pods-WebviewDemo-resources.sh\"\n";
			showEnvVarsInLog = 0;
		};
		CCE16445268FF3BB4981732B /* [CP] Embed Pods Frameworks */ = {
			isa = PBXShellScriptBuildPhase;
			buildActionMask = 2147483647;
			files = (
			);
			inputPaths = (
			);
			name = "[CP] Embed Pods Frameworks";
			outputPaths = (
			);
			runOnlyForDeploymentPostprocessing = 0;
			shellPath = /bin/sh;
			shellScript = "\"${SRCROOT}/Pods/Target Support Files/Pods-WebviewDemo/Pods-WebviewDemo-frameworks.sh\"\n";
			showEnvVarsInLog = 0;
		};
/* End PBXShellScriptBuildPhase section */

/* Begin PBXSourcesBuildPhase section */
		940C7BE21DED23B900D0AB2D /* Sources */ = {
			isa = PBXSourcesBuildPhase;
			buildActionMask = 2147483647;
			files = (
				940C7BEC1DED23B900D0AB2D /* ViewController.swift in Sources */,
				940C7BEA1DED23B900D0AB2D /* AppDelegate.swift in Sources */,
			);
			runOnlyForDeploymentPostprocessing = 0;
		};
/* End PBXSourcesBuildPhase section */

/* Begin PBXVariantGroup section */
		940C7BED1DED23B900D0AB2D /* Main.storyboard */ = {
			isa = PBXVariantGroup;
			children = (
				940C7BEE1DED23B900D0AB2D /* Base */,
			);
			name = Main.storyboard;
			sourceTree = "<group>";
		};
		940C7BF21DED23B900D0AB2D /* LaunchScreen.storyboard */ = {
			isa = PBXVariantGroup;
			children = (
				940C7BF31DED23B900D0AB2D /* Base */,
			);
			name = LaunchScreen.storyboard;
			sourceTree = "<group>";
		};
/* End PBXVariantGroup section */

/* Begin XCBuildConfiguration section */
		940C7BF61DED23B900D0AB2D /* Debug */ = {
			isa = XCBuildConfiguration;
			buildSettings = {
				ALWAYS_SEARCH_USER_PATHS = NO;
				CLANG_ANALYZER_NONNULL = YES;
				CLANG_CXX_LANGUAGE_STANDARD = "gnu++0x";
				CLANG_CXX_LIBRARY = "libc++";
				CLANG_ENABLE_MODULES = YES;
				CLANG_ENABLE_OBJC_ARC = YES;
				CLANG_WARN_BOOL_CONVERSION = YES;
				CLANG_WARN_CONSTANT_CONVERSION = YES;
				CLANG_WARN_DIRECT_OBJC_ISA_USAGE = YES_ERROR;
				CLANG_WARN_DOCUMENTATION_COMMENTS = YES;
				CLANG_WARN_EMPTY_BODY = YES;
				CLANG_WARN_ENUM_CONVERSION = YES;
				CLANG_WARN_INFINITE_RECURSION = YES;
				CLANG_WARN_INT_CONVERSION = YES;
				CLANG_WARN_OBJC_ROOT_CLASS = YES_ERROR;
				CLANG_WARN_SUSPICIOUS_MOVES = YES;
				CLANG_WARN_UNREACHABLE_CODE = YES;
				CLANG_WARN__DUPLICATE_METHOD_MATCH = YES;
				"CODE_SIGN_IDENTITY[sdk=iphoneos*]" = "iPhone Developer";
				COPY_PHASE_STRIP = NO;
				DEBUG_INFORMATION_FORMAT = dwarf;
				ENABLE_STRICT_OBJC_MSGSEND = YES;
				ENABLE_TESTABILITY = YES;
				GCC_C_LANGUAGE_STANDARD = gnu99;
				GCC_DYNAMIC_NO_PIC = NO;
				GCC_NO_COMMON_BLOCKS = YES;
				GCC_OPTIMIZATION_LEVEL = 0;
				GCC_PREPROCESSOR_DEFINITIONS = (
					"DEBUG=1",
					"$(inherited)",
				);
				GCC_WARN_64_TO_32_BIT_CONVERSION = YES;
				GCC_WARN_ABOUT_RETURN_TYPE = YES_ERROR;
				GCC_WARN_UNDECLARED_SELECTOR = YES;
				GCC_WARN_UNINITIALIZED_AUTOS = YES_AGGRESSIVE;
				GCC_WARN_UNUSED_FUNCTION = YES;
				GCC_WARN_UNUSED_VARIABLE = YES;
				IPHONEOS_DEPLOYMENT_TARGET = 10.1;
				MTL_ENABLE_DEBUG_INFO = YES;
				ONLY_ACTIVE_ARCH = YES;
				SDKROOT = iphoneos;
				SWIFT_ACTIVE_COMPILATION_CONDITIONS = DEBUG;
				SWIFT_OPTIMIZATION_LEVEL = "-Onone";
			};
			name = Debug;
		};
		940C7BF71DED23B900D0AB2D /* Release */ = {
			isa = XCBuildConfiguration;
			buildSettings = {
				ALWAYS_SEARCH_USER_PATHS = NO;
				CLANG_ANALYZER_NONNULL = YES;
				CLANG_CXX_LANGUAGE_STANDARD = "gnu++0x";
				CLANG_CXX_LIBRARY = "libc++";
				CLANG_ENABLE_MODULES = YES;
				CLANG_ENABLE_OBJC_ARC = YES;
				CLANG_WARN_BOOL_CONVERSION = YES;
				CLANG_WARN_CONSTANT_CONVERSION = YES;
				CLANG_WARN_DIRECT_OBJC_ISA_USAGE = YES_ERROR;
				CLANG_WARN_DOCUMENTATION_COMMENTS = YES;
				CLANG_WARN_EMPTY_BODY = YES;
				CLANG_WARN_ENUM_CONVERSION = YES;
				CLANG_WARN_INFINITE_RECURSION = YES;
				CLANG_WARN_INT_CONVERSION = YES;
				CLANG_WARN_OBJC_ROOT_CLASS = YES_ERROR;
				CLANG_WARN_SUSPICIOUS_MOVES = YES;
				CLANG_WARN_UNREACHABLE_CODE = YES;
				CLANG_WARN__DUPLICATE_METHOD_MATCH = YES;
				"CODE_SIGN_IDENTITY[sdk=iphoneos*]" = "iPhone Developer";
				COPY_PHASE_STRIP = NO;
				DEBUG_INFORMATION_FORMAT = "dwarf-with-dsym";
				ENABLE_NS_ASSERTIONS = NO;
				ENABLE_STRICT_OBJC_MSGSEND = YES;
				GCC_C_LANGUAGE_STANDARD = gnu99;
				GCC_NO_COMMON_BLOCKS = YES;
				GCC_WARN_64_TO_32_BIT_CONVERSION = YES;
				GCC_WARN_ABOUT_RETURN_TYPE = YES_ERROR;
				GCC_WARN_UNDECLARED_SELECTOR = YES;
				GCC_WARN_UNINITIALIZED_AUTOS = YES_AGGRESSIVE;
				GCC_WARN_UNUSED_FUNCTION = YES;
				GCC_WARN_UNUSED_VARIABLE = YES;
				IPHONEOS_DEPLOYMENT_TARGET = 10.1;
				MTL_ENABLE_DEBUG_INFO = NO;
				SDKROOT = iphoneos;
				SWIFT_OPTIMIZATION_LEVEL = "-Owholemodule";
				VALIDATE_PRODUCT = YES;
			};
			name = Release;
		};
		940C7BF91DED23B900D0AB2D /* Debug */ = {
			isa = XCBuildConfiguration;
			baseConfigurationReference = 72B6359F545734B0CB51AA4E /* Pods-WebviewDemo.debug.xcconfig */;
			buildSettings = {
				ASSETCATALOG_COMPILER_APPICON_NAME = AppIcon;
				INFOPLIST_FILE = WebviewDemo/Info.plist;
				LD_RUNPATH_SEARCH_PATHS = "$(inherited) @executable_path/Frameworks";
				PRODUCT_BUNDLE_IDENTIFIER = com.ifels.WebviewDemo;
				PRODUCT_NAME = "$(TARGET_NAME)";
				SWIFT_VERSION = 3.0;
			};
			name = Debug;
		};
		940C7BFA1DED23B900D0AB2D /* Release */ = {
			isa = XCBuildConfiguration;
			baseConfigurationReference = 3B5C78AC420F284EFE3FBD07 /* Pods-WebviewDemo.release.xcconfig */;
			buildSettings = {
				ASSETCATALOG_COMPILER_APPICON_NAME = AppIcon;
				INFOPLIST_FILE = WebviewDemo/Info.plist;
				LD_RUNPATH_SEARCH_PATHS = "$(inherited) @executable_path/Frameworks";
				PRODUCT_BUNDLE_IDENTIFIER = com.ifels.WebviewDemo;
				PRODUCT_NAME = "$(TARGET_NAME)";
				SWIFT_VERSION = 3.0;
			};
			name = Release;
		};
/* End XCBuildConfiguration section */

/* Begin XCConfigurationList section */
		940C7BE11DED23B900D0AB2D /* Build configuration list for PBXProject "WebviewDemo" */ = {
			isa = XCConfigurationList;
			buildConfigurations = (
				940C7BF61DED23B900D0AB2D /* Debug */,
				940C7BF71DED23B900D0AB2D /* Release */,
			);
			defaultConfigurationIsVisible = 0;
			defaultConfigurationName = Release;
		};
		940C7BF81DED23B900D0AB2D /* Build configuration list for PBXNativeTarget "WebviewDemo" */ = {
			isa = XCConfigurationList;
			buildConfigurations = (
				940C7BF91DED23B900D0AB2D /* Debug */,
				940C7BFA1DED23B900D0AB2D /* Release */,
			);
			defaultConfigurationIsVisible = 0;
			defaultConfigurationName = Release;
		};
/* End XCConfigurationList section */
	};
	rootObject = 940C7BDE1DED23B900D0AB2D /* Project object */;
}
